// !$*UTF8*$!
{
	archiveVersion = 1;
	classes = {
	};
	objectVersion = 56;
	objects = {

/* Begin PBXBuildFile section */
		AF7A1B222B6A7598000FD995 /* AdviceSlipApp.swift in Sources */ = {isa = PBXBuildFile; fileRef = AF7A1B212B6A7598000FD995 /* AdviceSlipApp.swift */; };
		AF7A1B242B6A7598000FD995 /* ContentView.swift in Sources */ = {isa = PBXBuildFile; fileRef = AF7A1B232B6A7598000FD995 /* ContentView.swift */; };
		AF7A1B262B6A759A000FD995 /* Assets.xcassets in Resources */ = {isa = PBXBuildFile; fileRef = AF7A1B252B6A759A000FD995 /* Assets.xcassets */; };
		AF7A1B2A2B6A759A000FD995 /* Preview Assets.xcassets in Resources */ = {isa = PBXBuildFile; fileRef = AF7A1B292B6A759A000FD995 /* Preview Assets.xcassets */; };
		AF7A1B322B6A75B9000FD995 /* Advice.swift in Sources */ = {isa = PBXBuildFile; fileRef = AF7A1B312B6A75B9000FD995 /* Advice.swift */; };
		AF7A1B3A2B6A7747000FD995 /* WidgetKit.framework in Frameworks */ = {isa = PBXBuildFile; fileRef = AF7A1B392B6A7747000FD995 /* WidgetKit.framework */; };
		AF7A1B3C2B6A7747000FD995 /* SwiftUI.framework in Frameworks */ = {isa = PBXBuildFile; fileRef = AF7A1B3B2B6A7747000FD995 /* SwiftUI.framework */; };
		AF7A1B3F2B6A7747000FD995 /* AdviceSlipWidgetBundle.swift in Sources */ = {isa = PBXBuildFile; fileRef = AF7A1B3E2B6A7747000FD995 /* AdviceSlipWidgetBundle.swift */; };
		AF7A1B412B6A7747000FD995 /* AdviceSlipWidget.swift in Sources */ = {isa = PBXBuildFile; fileRef = AF7A1B402B6A7747000FD995 /* AdviceSlipWidget.swift */; };
		AF7A1B432B6A7749000FD995 /* Assets.xcassets in Resources */ = {isa = PBXBuildFile; fileRef = AF7A1B422B6A7749000FD995 /* Assets.xcassets */; };
		AF7A1B472B6A7749000FD995 /* AdviceSlipWidgetExtension.appex in Embed Foundation Extensions */ = {isa = PBXBuildFile; fileRef = AF7A1B372B6A7747000FD995 /* AdviceSlipWidgetExtension.appex */; settings = {ATTRIBUTES = (RemoveHeadersOnCopy, ); }; };
		AF7A1B4D2B6A77CE000FD995 /* Advice.swift in Sources */ = {isa = PBXBuildFile; fileRef = AF7A1B312B6A75B9000FD995 /* Advice.swift */; };
		AF7A1B502B6A9BE2000FD995 /* SaveIntent.swift in Sources */ = {isa = PBXBuildFile; fileRef = AF7A1B4E2B6A7E1F000FD995 /* SaveIntent.swift */; };
		AF7A1B542B6AA137000FD995 /* WiseBuddy.swift in Sources */ = {isa = PBXBuildFile; fileRef = AF7A1B522B6AA135000FD995 /* WiseBuddy.swift */; };
		AF7A1B562B6AB20D000FD995 /* RefreshIntent.swift in Sources */ = {isa = PBXBuildFile; fileRef = AF7A1B552B6AB20D000FD995 /* RefreshIntent.swift */; };
		AF7A1B572B6ABD30000FD995 /* WiseBuddy.swift in Sources */ = {isa = PBXBuildFile; fileRef = AF7A1B522B6AA135000FD995 /* WiseBuddy.swift */; };
		AF7A1B592B6AC3E6000FD995 /* AdviceListItem.swift in Sources */ = {isa = PBXBuildFile; fileRef = AF7A1B582B6AC3E6000FD995 /* AdviceListItem.swift */; };
		AF7A1B5B2B6AC476000FD995 /* ModelContainerPreview.swift in Sources */ = {isa = PBXBuildFile; fileRef = AF7A1B5A2B6AC476000FD995 /* ModelContainerPreview.swift */; };
		AF7A1B5D2B6AC48D000FD995 /* PreviewSampleData.swift in Sources */ = {isa = PBXBuildFile; fileRef = AF7A1B5C2B6AC48D000FD995 /* PreviewSampleData.swift */; };
/* End PBXBuildFile section */

/* Begin PBXContainerItemProxy section */
		AF7A1B452B6A7749000FD995 /* PBXContainerItemProxy */ = {
			isa = PBXContainerItemProxy;
			containerPortal = AF7A1B162B6A7598000FD995 /* Project object */;
			proxyType = 1;
			remoteGlobalIDString = AF7A1B362B6A7747000FD995;
			remoteInfo = AdviceSlipWidgetExtension;
		};
/* End PBXContainerItemProxy section */

/* Begin PBXCopyFilesBuildPhase section */
		AF7A1B4B2B6A7749000FD995 /* Embed Foundation Extensions */ = {
			isa = PBXCopyFilesBuildPhase;
			buildActionMask = 2147483647;
			dstPath = "";
			dstSubfolderSpec = 13;
			files = (
				AF7A1B472B6A7749000FD995 /* AdviceSlipWidgetExtension.appex in Embed Foundation Extensions */,
			);
			name = "Embed Foundation Extensions";
			runOnlyForDeploymentPostprocessing = 0;
		};
/* End PBXCopyFilesBuildPhase section */

/* Begin PBXFileReference section */
		AF7A1B1E2B6A7598000FD995 /* AdviceSlip.app */ = {isa = PBXFileReference; explicitFileType = wrapper.application; includeInIndex = 0; path = AdviceSlip.app; sourceTree = BUILT_PRODUCTS_DIR; };
		AF7A1B212B6A7598000FD995 /* AdviceSlipApp.swift */ = {isa = PBXFileReference; lastKnownFileType = sourcecode.swift; path = AdviceSlipApp.swift; sourceTree = "<group>"; };
		AF7A1B232B6A7598000FD995 /* ContentView.swift */ = {isa = PBXFileReference; lastKnownFileType = sourcecode.swift; path = ContentView.swift; sourceTree = "<group>"; };
		AF7A1B252B6A759A000FD995 /* Assets.xcassets */ = {isa = PBXFileReference; lastKnownFileType = folder.assetcatalog; path = Assets.xcassets; sourceTree = "<group>"; };
		AF7A1B272B6A759A000FD995 /* AdviceSlip.entitlements */ = {isa = PBXFileReference; lastKnownFileType = text.plist.entitlements; path = AdviceSlip.entitlements; sourceTree = "<group>"; };
		AF7A1B292B6A759A000FD995 /* Preview Assets.xcassets */ = {isa = PBXFileReference; lastKnownFileType = folder.assetcatalog; path = "Preview Assets.xcassets"; sourceTree = "<group>"; };
		AF7A1B312B6A75B9000FD995 /* Advice.swift */ = {isa = PBXFileReference; lastKnownFileType = sourcecode.swift; path = Advice.swift; sourceTree = "<group>"; };
		AF7A1B372B6A7747000FD995 /* AdviceSlipWidgetExtension.appex */ = {isa = PBXFileReference; explicitFileType = "wrapper.app-extension"; includeInIndex = 0; path = AdviceSlipWidgetExtension.appex; sourceTree = BUILT_PRODUCTS_DIR; };
		AF7A1B392B6A7747000FD995 /* WidgetKit.framework */ = {isa = PBXFileReference; lastKnownFileType = wrapper.framework; name = WidgetKit.framework; path = System/Library/Frameworks/WidgetKit.framework; sourceTree = SDKROOT; };
		AF7A1B3B2B6A7747000FD995 /* SwiftUI.framework */ = {isa = PBXFileReference; lastKnownFileType = wrapper.framework; name = SwiftUI.framework; path = System/Library/Frameworks/SwiftUI.framework; sourceTree = SDKROOT; };
		AF7A1B3E2B6A7747000FD995 /* AdviceSlipWidgetBundle.swift */ = {isa = PBXFileReference; lastKnownFileType = sourcecode.swift; path = AdviceSlipWidgetBundle.swift; sourceTree = "<group>"; };
		AF7A1B402B6A7747000FD995 /* AdviceSlipWidget.swift */ = {isa = PBXFileReference; lastKnownFileType = sourcecode.swift; path = AdviceSlipWidget.swift; sourceTree = "<group>"; };
		AF7A1B422B6A7749000FD995 /* Assets.xcassets */ = {isa = PBXFileReference; lastKnownFileType = folder.assetcatalog; path = Assets.xcassets; sourceTree = "<group>"; };
		AF7A1B442B6A7749000FD995 /* Info.plist */ = {isa = PBXFileReference; lastKnownFileType = text.plist.xml; path = Info.plist; sourceTree = "<group>"; };
		AF7A1B4C2B6A7782000FD995 /* AdviceSlipWidgetExtension.entitlements */ = {isa = PBXFileReference; lastKnownFileType = text.plist.entitlements; path = AdviceSlipWidgetExtension.entitlements; sourceTree = "<group>"; };
		AF7A1B4E2B6A7E1F000FD995 /* SaveIntent.swift */ = {isa = PBXFileReference; lastKnownFileType = sourcecode.swift; path = SaveIntent.swift; sourceTree = "<group>"; };
		AF7A1B522B6AA135000FD995 /* WiseBuddy.swift */ = {isa = PBXFileReference; lastKnownFileType = sourcecode.swift; path = WiseBuddy.swift; sourceTree = "<group>"; };
		AF7A1B552B6AB20D000FD995 /* RefreshIntent.swift */ = {isa = PBXFileReference; lastKnownFileType = sourcecode.swift; path = RefreshIntent.swift; sourceTree = "<group>"; };
		AF7A1B582B6AC3E6000FD995 /* AdviceListItem.swift */ = {isa = PBXFileReference; lastKnownFileType = sourcecode.swift; path = AdviceListItem.swift; sourceTree = "<group>"; };
		AF7A1B5A2B6AC476000FD995 /* ModelContainerPreview.swift */ = {isa = PBXFileReference; lastKnownFileType = sourcecode.swift; path = ModelContainerPreview.swift; sourceTree = "<group>"; };
		AF7A1B5C2B6AC48D000FD995 /* PreviewSampleData.swift */ = {isa = PBXFileReference; lastKnownFileType = sourcecode.swift; path = PreviewSampleData.swift; sourceTree = "<group>"; };
/* End PBXFileReference section */

/* Begin PBXFrameworksBuildPhase section */
		AF7A1B1B2B6A7598000FD995 /* Frameworks */ = {
			isa = PBXFrameworksBuildPhase;
			buildActionMask = 2147483647;
			files = (
			);
			runOnlyForDeploymentPostprocessing = 0;
		};
		AF7A1B342B6A7747000FD995 /* Frameworks */ = {
			isa = PBXFrameworksBuildPhase;
			buildActionMask = 2147483647;
			files = (
				AF7A1B3C2B6A7747000FD995 /* SwiftUI.framework in Frameworks */,
				AF7A1B3A2B6A7747000FD995 /* WidgetKit.framework in Frameworks */,
			);
			runOnlyForDeploymentPostprocessing = 0;
		};
/* End PBXFrameworksBuildPhase section */

/* Begin PBXGroup section */
		AF7A1B152B6A7598000FD995 = {
			isa = PBXGroup;
			children = (
				AF7A1B302B6A75AC000FD995 /* Shared */,
				AF7A1B202B6A7598000FD995 /* AdviceSlip */,
				AF7A1B3D2B6A7747000FD995 /* AdviceSlipWidget */,
				AF7A1B382B6A7747000FD995 /* Frameworks */,
				AF7A1B1F2B6A7598000FD995 /* Products */,
			);
			sourceTree = "<group>";
		};
		AF7A1B1F2B6A7598000FD995 /* Products */ = {
			isa = PBXGroup;
			children = (
				AF7A1B1E2B6A7598000FD995 /* AdviceSlip.app */,
				AF7A1B372B6A7747000FD995 /* AdviceSlipWidgetExtension.appex */,
			);
			name = Products;
			sourceTree = "<group>";
		};
		AF7A1B202B6A7598000FD995 /* AdviceSlip */ = {
			isa = PBXGroup;
			children = (
				AF7A1B212B6A7598000FD995 /* AdviceSlipApp.swift */,
				AF7A1B232B6A7598000FD995 /* ContentView.swift */,
				AF7A1B582B6AC3E6000FD995 /* AdviceListItem.swift */,
				AF7A1B252B6A759A000FD995 /* Assets.xcassets */,
				AF7A1B272B6A759A000FD995 /* AdviceSlip.entitlements */,
				AF7A1B282B6A759A000FD995 /* Preview Content */,
			);
			path = AdviceSlip;
			sourceTree = "<group>";
		};
		AF7A1B282B6A759A000FD995 /* Preview Content */ = {
			isa = PBXGroup;
			children = (
				AF7A1B292B6A759A000FD995 /* Preview Assets.xcassets */,
			);
			path = "Preview Content";
			sourceTree = "<group>";
		};
		AF7A1B302B6A75AC000FD995 /* Shared */ = {
			isa = PBXGroup;
			children = (
				AF7A1B522B6AA135000FD995 /* WiseBuddy.swift */,
				AF7A1B312B6A75B9000FD995 /* Advice.swift */,
				AF7A1B5C2B6AC48D000FD995 /* PreviewSampleData.swift */,
				AF7A1B5A2B6AC476000FD995 /* ModelContainerPreview.swift */,
			);
			path = Shared;
			sourceTree = "<group>";
		};
		AF7A1B382B6A7747000FD995 /* Frameworks */ = {
			isa = PBXGroup;
			children = (
				AF7A1B392B6A7747000FD995 /* WidgetKit.framework */,
				AF7A1B3B2B6A7747000FD995 /* SwiftUI.framework */,
			);
			name = Frameworks;
			sourceTree = "<group>";
		};
		AF7A1B3D2B6A7747000FD995 /* AdviceSlipWidget */ = {
			isa = PBXGroup;
			children = (
				AF7A1B3E2B6A7747000FD995 /* AdviceSlipWidgetBundle.swift */,
				AF7A1B402B6A7747000FD995 /* AdviceSlipWidget.swift */,
				AF7A1B552B6AB20D000FD995 /* RefreshIntent.swift */,
				AF7A1B4E2B6A7E1F000FD995 /* SaveIntent.swift */,
				AF7A1B422B6A7749000FD995 /* Assets.xcassets */,
				AF7A1B442B6A7749000FD995 /* Info.plist */,
				AF7A1B4C2B6A7782000FD995 /* AdviceSlipWidgetExtension.entitlements */,
			);
			path = AdviceSlipWidget;
			sourceTree = "<group>";
		};
/* End PBXGroup section */

/* Begin PBXNativeTarget section */
		AF7A1B1D2B6A7598000FD995 /* AdviceSlip */ = {
			isa = PBXNativeTarget;
			buildConfigurationList = AF7A1B2D2B6A759A000FD995 /* Build configuration list for PBXNativeTarget "AdviceSlip" */;
			buildPhases = (
				AF7A1B1A2B6A7598000FD995 /* Sources */,
				AF7A1B1B2B6A7598000FD995 /* Frameworks */,
				AF7A1B1C2B6A7598000FD995 /* Resources */,
				AF7A1B4B2B6A7749000FD995 /* Embed Foundation Extensions */,
			);
			buildRules = (
			);
			dependencies = (
				AF7A1B462B6A7749000FD995 /* PBXTargetDependency */,
			);
			name = AdviceSlip;
			productName = AdviceSlip;
			productReference = AF7A1B1E2B6A7598000FD995 /* AdviceSlip.app */;
			productType = "com.apple.product-type.application";
		};
		AF7A1B362B6A7747000FD995 /* AdviceSlipWidgetExtension */ = {
			isa = PBXNativeTarget;
			buildConfigurationList = AF7A1B482B6A7749000FD995 /* Build configuration list for PBXNativeTarget "AdviceSlipWidgetExtension" */;
			buildPhases = (
				AF7A1B332B6A7747000FD995 /* Sources */,
				AF7A1B342B6A7747000FD995 /* Frameworks */,
				AF7A1B352B6A7747000FD995 /* Resources */,
			);
			buildRules = (
			);
			dependencies = (
			);
			name = AdviceSlipWidgetExtension;
			productName = AdviceSlipWidgetExtension;
			productReference = AF7A1B372B6A7747000FD995 /* AdviceSlipWidgetExtension.appex */;
			productType = "com.apple.product-type.app-extension";
		};
/* End PBXNativeTarget section */

/* Begin PBXProject section */
		AF7A1B162B6A7598000FD995 /* Project object */ = {
			isa = PBXProject;
			attributes = {
				BuildIndependentTargetsInParallel = 1;
				LastSwiftUpdateCheck = 1520;
				LastUpgradeCheck = 1520;
				TargetAttributes = {
					AF7A1B1D2B6A7598000FD995 = {
						CreatedOnToolsVersion = 15.2;
					};
					AF7A1B362B6A7747000FD995 = {
						CreatedOnToolsVersion = 15.2;
					};
				};
			};
			buildConfigurationList = AF7A1B192B6A7598000FD995 /* Build configuration list for PBXProject "AdviceSlip" */;
			compatibilityVersion = "Xcode 14.0";
			developmentRegion = en;
			hasScannedForEncodings = 0;
			knownRegions = (
				en,
				Base,
			);
			mainGroup = AF7A1B152B6A7598000FD995;
			productRefGroup = AF7A1B1F2B6A7598000FD995 /* Products */;
			projectDirPath = "";
			projectRoot = "";
			targets = (
				AF7A1B1D2B6A7598000FD995 /* AdviceSlip */,
				AF7A1B362B6A7747000FD995 /* AdviceSlipWidgetExtension */,
			);
		};
/* End PBXProject section */

/* Begin PBXResourcesBuildPhase section */
		AF7A1B1C2B6A7598000FD995 /* Resources */ = {
			isa = PBXResourcesBuildPhase;
			buildActionMask = 2147483647;
			files = (
				AF7A1B2A2B6A759A000FD995 /* Preview Assets.xcassets in Resources */,
				AF7A1B262B6A759A000FD995 /* Assets.xcassets in Resources */,
			);
			runOnlyForDeploymentPostprocessing = 0;
		};
		AF7A1B352B6A7747000FD995 /* Resources */ = {
			isa = PBXResourcesBuildPhase;
			buildActionMask = 2147483647;
			files = (
				AF7A1B432B6A7749000FD995 /* Assets.xcassets in Resources */,
			);
			runOnlyForDeploymentPostprocessing = 0;
		};
/* End PBXResourcesBuildPhase section */

/* Begin PBXSourcesBuildPhase section */
		AF7A1B1A2B6A7598000FD995 /* Sources */ = {
			isa = PBXSourcesBuildPhase;
			buildActionMask = 2147483647;
			files = (
				AF7A1B592B6AC3E6000FD995 /* AdviceListItem.swift in Sources */,
				AF7A1B242B6A7598000FD995 /* ContentView.swift in Sources */,
				AF7A1B5D2B6AC48D000FD995 /* PreviewSampleData.swift in Sources */,
				AF7A1B222B6A7598000FD995 /* AdviceSlipApp.swift in Sources */,
				AF7A1B572B6ABD30000FD995 /* WiseBuddy.swift in Sources */,
				AF7A1B5B2B6AC476000FD995 /* ModelContainerPreview.swift in Sources */,
				AF7A1B322B6A75B9000FD995 /* Advice.swift in Sources */,
			);
			runOnlyForDeploymentPostprocessing = 0;
		};
		AF7A1B332B6A7747000FD995 /* Sources */ = {
			isa = PBXSourcesBuildPhase;
			buildActionMask = 2147483647;
			files = (
				AF7A1B3F2B6A7747000FD995 /* AdviceSlipWidgetBundle.swift in Sources */,
				AF7A1B412B6A7747000FD995 /* AdviceSlipWidget.swift in Sources */,
				AF7A1B542B6AA137000FD995 /* WiseBuddy.swift in Sources */,
				AF7A1B562B6AB20D000FD995 /* RefreshIntent.swift in Sources */,
				AF7A1B502B6A9BE2000FD995 /* SaveIntent.swift in Sources */,
				AF7A1B4D2B6A77CE000FD995 /* Advice.swift in Sources */,
			);
			runOnlyForDeploymentPostprocessing = 0;
		};
/* End PBXSourcesBuildPhase section */

/* Begin PBXTargetDependency section */
		AF7A1B462B6A7749000FD995 /* PBXTargetDependency */ = {
			isa = PBXTargetDependency;
			target = AF7A1B362B6A7747000FD995 /* AdviceSlipWidgetExtension */;
			targetProxy = AF7A1B452B6A7749000FD995 /* PBXContainerItemProxy */;
		};
/* End PBXTargetDependency section */

/* Begin XCBuildConfiguration section */
		AF7A1B2B2B6A759A000FD995 /* Debug */ = {
			isa = XCBuildConfiguration;
			buildSettings = {
				ALWAYS_SEARCH_USER_PATHS = NO;
				ASSETCATALOG_COMPILER_GENERATE_SWIFT_ASSET_SYMBOL_EXTENSIONS = YES;
				CLANG_ANALYZER_NONNULL = YES;
				CLANG_ANALYZER_NUMBER_OBJECT_CONVERSION = YES_AGGRESSIVE;
				CLANG_CXX_LANGUAGE_STANDARD = "gnu++20";
				CLANG_ENABLE_MODULES = YES;
				CLANG_ENABLE_OBJC_ARC = YES;
				CLANG_ENABLE_OBJC_WEAK = YES;
				CLANG_WARN_BLOCK_CAPTURE_AUTORELEASING = YES;
				CLANG_WARN_BOOL_CONVERSION = YES;
				CLANG_WARN_COMMA = YES;
				CLANG_WARN_CONSTANT_CONVERSION = YES;
				CLANG_WARN_DEPRECATED_OBJC_IMPLEMENTATIONS = YES;
				CLANG_WARN_DIRECT_OBJC_ISA_USAGE = YES_ERROR;
				CLANG_WARN_DOCUMENTATION_COMMENTS = YES;
				CLANG_WARN_EMPTY_BODY = YES;
				CLANG_WARN_ENUM_CONVERSION = YES;
				CLANG_WARN_INFINITE_RECURSION = YES;
				CLANG_WARN_INT_CONVERSION = YES;
				CLANG_WARN_NON_LITERAL_NULL_CONVERSION = YES;
				CLANG_WARN_OBJC_IMPLICIT_RETAIN_SELF = YES;
				CLANG_WARN_OBJC_LITERAL_CONVERSION = YES;
				CLANG_WARN_OBJC_ROOT_CLASS = YES_ERROR;
				CLANG_WARN_QUOTED_INCLUDE_IN_FRAMEWORK_HEADER = YES;
				CLANG_WARN_RANGE_LOOP_ANALYSIS = YES;
				CLANG_WARN_STRICT_PROTOTYPES = YES;
				CLANG_WARN_SUSPICIOUS_MOVE = YES;
				CLANG_WARN_UNGUARDED_AVAILABILITY = YES_AGGRESSIVE;
				CLANG_WARN_UNREACHABLE_CODE = YES;
				CLANG_WARN__DUPLICATE_METHOD_MATCH = YES;
				COPY_PHASE_STRIP = NO;
				DEBUG_INFORMATION_FORMAT = dwarf;
				ENABLE_STRICT_OBJC_MSGSEND = YES;
				ENABLE_TESTABILITY = YES;
				ENABLE_USER_SCRIPT_SANDBOXING = YES;
				GCC_C_LANGUAGE_STANDARD = gnu17;
				GCC_DYNAMIC_NO_PIC = NO;
				GCC_NO_COMMON_BLOCKS = YES;
				GCC_OPTIMIZATION_LEVEL = 0;
				GCC_PREPROCESSOR_DEFINITIONS = (
					"DEBUG=1",
					"$(inherited)",
				);
				GCC_WARN_64_TO_32_BIT_CONVERSION = YES;
				GCC_WARN_ABOUT_RETURN_TYPE = YES_ERROR;
				GCC_WARN_UNDECLARED_SELECTOR = YES;
				GCC_WARN_UNINITIALIZED_AUTOS = YES_AGGRESSIVE;
				GCC_WARN_UNUSED_FUNCTION = YES;
				GCC_WARN_UNUSED_VARIABLE = YES;
				LOCALIZATION_PREFERS_STRING_CATALOGS = YES;
				MTL_ENABLE_DEBUG_INFO = INCLUDE_SOURCE;
				MTL_FAST_MATH = YES;
				ONLY_ACTIVE_ARCH = YES;
				SWIFT_ACTIVE_COMPILATION_CONDITIONS = "DEBUG $(inherited)";
				SWIFT_OPTIMIZATION_LEVEL = "-Onone";
			};
			name = Debug;
		};
		AF7A1B2C2B6A759A000FD995 /* Release */ = {
			isa = XCBuildConfiguration;
			buildSettings = {
				ALWAYS_SEARCH_USER_PATHS = NO;
				ASSETCATALOG_COMPILER_GENERATE_SWIFT_ASSET_SYMBOL_EXTENSIONS = YES;
				CLANG_ANALYZER_NONNULL = YES;
				CLANG_ANALYZER_NUMBER_OBJECT_CONVERSION = YES_AGGRESSIVE;
				CLANG_CXX_LANGUAGE_STANDARD = "gnu++20";
				CLANG_ENABLE_MODULES = YES;
				CLANG_ENABLE_OBJC_ARC = YES;
				CLANG_ENABLE_OBJC_WEAK = YES;
				CLANG_WARN_BLOCK_CAPTURE_AUTORELEASING = YES;
				CLANG_WARN_BOOL_CONVERSION = YES;
				CLANG_WARN_COMMA = YES;
				CLANG_WARN_CONSTANT_CONVERSION = YES;
				CLANG_WARN_DEPRECATED_OBJC_IMPLEMENTATIONS = YES;
				CLANG_WARN_DIRECT_OBJC_ISA_USAGE = YES_ERROR;
				CLANG_WARN_DOCUMENTATION_COMMENTS = YES;
				CLANG_WARN_EMPTY_BODY = YES;
				CLANG_WARN_ENUM_CONVERSION = YES;
				CLANG_WARN_INFINITE_RECURSION = YES;
				CLANG_WARN_INT_CONVERSION = YES;
				CLANG_WARN_NON_LITERAL_NULL_CONVERSION = YES;
				CLANG_WARN_OBJC_IMPLICIT_RETAIN_SELF = YES;
				CLANG_WARN_OBJC_LITERAL_CONVERSION = YES;
				CLANG_WARN_OBJC_ROOT_CLASS = YES_ERROR;
				CLANG_WARN_QUOTED_INCLUDE_IN_FRAMEWORK_HEADER = YES;
				CLANG_WARN_RANGE_LOOP_ANALYSIS = YES;
				CLANG_WARN_STRICT_PROTOTYPES = YES;
				CLANG_WARN_SUSPICIOUS_MOVE = YES;
				CLANG_WARN_UNGUARDED_AVAILABILITY = YES_AGGRESSIVE;
				CLANG_WARN_UNREACHABLE_CODE = YES;
				CLANG_WARN__DUPLICATE_METHOD_MATCH = YES;
				COPY_PHASE_STRIP = NO;
				DEBUG_INFORMATION_FORMAT = "dwarf-with-dsym";
				ENABLE_NS_ASSERTIONS = NO;
				ENABLE_STRICT_OBJC_MSGSEND = YES;
				ENABLE_USER_SCRIPT_SANDBOXING = YES;
				GCC_C_LANGUAGE_STANDARD = gnu17;
				GCC_NO_COMMON_BLOCKS = YES;
				GCC_WARN_64_TO_32_BIT_CONVERSION = YES;
				GCC_WARN_ABOUT_RETURN_TYPE = YES_ERROR;
				GCC_WARN_UNDECLARED_SELECTOR = YES;
				GCC_WARN_UNINITIALIZED_AUTOS = YES_AGGRESSIVE;
				GCC_WARN_UNUSED_FUNCTION = YES;
				GCC_WARN_UNUSED_VARIABLE = YES;
				LOCALIZATION_PREFERS_STRING_CATALOGS = YES;
				MTL_ENABLE_DEBUG_INFO = NO;
				MTL_FAST_MATH = YES;
				SWIFT_COMPILATION_MODE = wholemodule;
			};
			name = Release;
		};
		AF7A1B2E2B6A759A000FD995 /* Debug */ = {
			isa = XCBuildConfiguration;
			buildSettings = {
				ALWAYS_EMBED_SWIFT_STANDARD_LIBRARIES = YES;
				ASSETCATALOG_COMPILER_APPICON_NAME = AppIcon;
				ASSETCATALOG_COMPILER_GLOBAL_ACCENT_COLOR_NAME = AccentColor;
				CODE_SIGN_ENTITLEMENTS = AdviceSlip/AdviceSlip.entitlements;
				CODE_SIGN_STYLE = Automatic;
				CURRENT_PROJECT_VERSION = 1;
				DEVELOPMENT_ASSET_PATHS = "\"AdviceSlip/Preview Content\"";
				DEVELOPMENT_TEAM = BGYHUAQL5U;
				ENABLE_HARDENED_RUNTIME = YES;
				ENABLE_PREVIEWS = YES;
				GENERATE_INFOPLIST_FILE = YES;
				INFOPLIST_KEY_CFBundleDisplayName = "Wise Buddy";
				"INFOPLIST_KEY_UIApplicationSceneManifest_Generation[sdk=iphoneos*]" = YES;
				"INFOPLIST_KEY_UIApplicationSceneManifest_Generation[sdk=iphonesimulator*]" = YES;
				"INFOPLIST_KEY_UIApplicationSupportsIndirectInputEvents[sdk=iphoneos*]" = YES;
				"INFOPLIST_KEY_UIApplicationSupportsIndirectInputEvents[sdk=iphonesimulator*]" = YES;
				"INFOPLIST_KEY_UILaunchScreen_Generation[sdk=iphoneos*]" = YES;
				"INFOPLIST_KEY_UILaunchScreen_Generation[sdk=iphonesimulator*]" = YES;
				"INFOPLIST_KEY_UIStatusBarStyle[sdk=iphoneos*]" = UIStatusBarStyleDefault;
				"INFOPLIST_KEY_UIStatusBarStyle[sdk=iphonesimulator*]" = UIStatusBarStyleDefault;
				INFOPLIST_KEY_UISupportedInterfaceOrientations_iPad = "UIInterfaceOrientationPortrait UIInterfaceOrientationPortraitUpsideDown UIInterfaceOrientationLandscapeLeft UIInterfaceOrientationLandscapeRight";
				INFOPLIST_KEY_UISupportedInterfaceOrientations_iPhone = "UIInterfaceOrientationPortrait UIInterfaceOrientationLandscapeLeft UIInterfaceOrientationLandscapeRight";
				IPHONEOS_DEPLOYMENT_TARGET = 17.2;
				LD_RUNPATH_SEARCH_PATHS = "@executable_path/Frameworks";
				"LD_RUNPATH_SEARCH_PATHS[sdk=macosx*]" = "@executable_path/../Frameworks";
				MACOSX_DEPLOYMENT_TARGET = 14.2;
				MARKETING_VERSION = 1.0;
				PRODUCT_BUNDLE_IDENTIFIER = com.zk.AdviceSlip;
				PRODUCT_NAME = "$(TARGET_NAME)";
				SDKROOT = auto;
				SUPPORTED_PLATFORMS = "iphoneos iphonesimulator macosx";
				SWIFT_EMIT_LOC_STRINGS = YES;
				SWIFT_VERSION = 5.0;
				TARGETED_DEVICE_FAMILY = "1,2";
			};
			name = Debug;
		};
		AF7A1B2F2B6A759A000FD995 /* Release */ = {
			isa = XCBuildConfiguration;
			buildSettings = {
				ALWAYS_EMBED_SWIFT_STANDARD_LIBRARIES = YES;
				ASSETCATALOG_COMPILER_APPICON_NAME = AppIcon;
				ASSETCATALOG_COMPILER_GLOBAL_ACCENT_COLOR_NAME = AccentColor;
				CODE_SIGN_ENTITLEMENTS = AdviceSlip/AdviceSlip.entitlements;
				CODE_SIGN_STYLE = Automatic;
				CURRENT_PROJECT_VERSION = 1;
				DEVELOPMENT_ASSET_PATHS = "\"AdviceSlip/Preview Content\"";
				DEVELOPMENT_TEAM = BGYHUAQL5U;
				ENABLE_HARDENED_RUNTIME = YES;
				ENABLE_PREVIEWS = YES;
				GENERATE_INFOPLIST_FILE = YES;
				INFOPLIST_KEY_CFBundleDisplayName = "Wise Buddy";
				"INFOPLIST_KEY_UIApplicationSceneManifest_Generation[sdk=iphoneos*]" = YES;
				"INFOPLIST_KEY_UIApplicationSceneManifest_Generation[sdk=iphonesimulator*]" = YES;
				"INFOPLIST_KEY_UIApplicationSupportsIndirectInputEvents[sdk=iphoneos*]" = YES;
				"INFOPLIST_KEY_UIApplicationSupportsIndirectInputEvents[sdk=iphonesimulator*]" = YES;
				"INFOPLIST_KEY_UILaunchScreen_Generation[sdk=iphoneos*]" = YES;
				"INFOPLIST_KEY_UILaunchScreen_Generation[sdk=iphonesimulator*]" = YES;
				"INFOPLIST_KEY_UIStatusBarStyle[sdk=iphoneos*]" = UIStatusBarStyleDefault;
				"INFOPLIST_KEY_UIStatusBarStyle[sdk=iphonesimulator*]" = UIStatusBarStyleDefault;
				INFOPLIST_KEY_UISupportedInterfaceOrientations_iPad = "UIInterfaceOrientationPortrait UIInterfaceOrientationPortraitUpsideDown UIInterfaceOrientationLandscapeLeft UIInterfaceOrientationLandscapeRight";
				INFOPLIST_KEY_UISupportedInterfaceOrientations_iPhone = "UIInterfaceOrientationPortrait UIInterfaceOrientationLandscapeLeft UIInterfaceOrientationLandscapeRight";
				IPHONEOS_DEPLOYMENT_TARGET = 17.2;
				LD_RUNPATH_SEARCH_PATHS = "@executable_path/Frameworks";
				"LD_RUNPATH_SEARCH_PATHS[sdk=macosx*]" = "@executable_path/../Frameworks";
				MACOSX_DEPLOYMENT_TARGET = 14.2;
				MARKETING_VERSION = 1.0;
				PRODUCT_BUNDLE_IDENTIFIER = com.zk.AdviceSlip;
				PRODUCT_NAME = "$(TARGET_NAME)";
				SDKROOT = auto;
				SUPPORTED_PLATFORMS = "iphoneos iphonesimulator macosx";
				SWIFT_EMIT_LOC_STRINGS = YES;
				SWIFT_VERSION = 5.0;
				TARGETED_DEVICE_FAMILY = "1,2";
			};
			name = Release;
		};
		AF7A1B492B6A7749000FD995 /* Debug */ = {
			isa = XCBuildConfiguration;
			buildSettings = {
				ASSETCATALOG_COMPILER_GLOBAL_ACCENT_COLOR_NAME = AccentColor;
				ASSETCATALOG_COMPILER_WIDGET_BACKGROUND_COLOR_NAME = WidgetBackground;
				CODE_SIGN_ENTITLEMENTS = AdviceSlipWidget/AdviceSlipWidgetExtension.entitlements;
				CODE_SIGN_IDENTITY = "Apple Development";
				CODE_SIGN_STYLE = Automatic;
				CURRENT_PROJECT_VERSION = 1;
				DEVELOPMENT_TEAM = BGYHUAQL5U;
				GENERATE_INFOPLIST_FILE = YES;
				INFOPLIST_FILE = AdviceSlipWidget/Info.plist;
				INFOPLIST_KEY_CFBundleDisplayName = AdviceSlipWidget;
				INFOPLIST_KEY_NSHumanReadableCopyright = "";
				IPHONEOS_DEPLOYMENT_TARGET = 17.2;
				LD_RUNPATH_SEARCH_PATHS = (
					"$(inherited)",
					"@executable_path/Frameworks",
					"@executable_path/../../Frameworks",
				);
				MARKETING_VERSION = 1.0;
				PRODUCT_BUNDLE_IDENTIFIER = com.zk.AdviceSlip.AdviceSlipWidget;
				PRODUCT_NAME = "$(TARGET_NAME)";
				PROVISIONING_PROFILE_SPECIFIER = "";
				SDKROOT = iphoneos;
				SKIP_INSTALL = YES;
				SWIFT_EMIT_LOC_STRINGS = YES;
				SWIFT_VERSION = 5.0;
				TARGETED_DEVICE_FAMILY = "1,2";
			};
			name = Debug;
		};
		AF7A1B4A2B6A7749000FD995 /* Release */ = {
			isa = XCBuildConfiguration;
			buildSettings = {
				ASSETCATALOG_COMPILER_GLOBAL_ACCENT_COLOR_NAME = AccentColor;
				ASSETCATALOG_COMPILER_WIDGET_BACKGROUND_COLOR_NAME = WidgetBackground;
				CODE_SIGN_ENTITLEMENTS = AdviceSlipWidget/AdviceSlipWidgetExtension.entitlements;
				CODE_SIGN_IDENTITY = "Apple Development";
				CODE_SIGN_STYLE = Automatic;
				CURRENT_PROJECT_VERSION = 1;
				DEVELOPMENT_TEAM = BGYHUAQL5U;
				GENERATE_INFOPLIST_FILE = YES;
				INFOPLIST_FILE = AdviceSlipWidget/Info.plist;
				INFOPLIST_KEY_CFBundleDisplayName = AdviceSlipWidget;
				INFOPLIST_KEY_NSHumanReadableCopyright = "";
				IPHONEOS_DEPLOYMENT_TARGET = 17.2;
				LD_RUNPATH_SEARCH_PATHS = (
					"$(inherited)",
					"@executable_path/Frameworks",
					"@executable_path/../../Frameworks",
				);
				MARKETING_VERSION = 1.0;
				PRODUCT_BUNDLE_IDENTIFIER = com.zk.AdviceSlip.AdviceSlipWidget;
				PRODUCT_NAME = "$(TARGET_NAME)";
				PROVISIONING_PROFILE_SPECIFIER = "";
				SDKROOT = iphoneos;
				SKIP_INSTALL = YES;
				SWIFT_EMIT_LOC_STRINGS = YES;
				SWIFT_VERSION = 5.0;
				TARGETED_DEVICE_FAMILY = "1,2";
				VALIDATE_PRODUCT = YES;
			};
			name = Release;
		};
/* End XCBuildConfiguration section */

/* Begin XCConfigurationList section */
		AF7A1B192B6A7598000FD995 /* Build configuration list for PBXProject "AdviceSlip" */ = {
			isa = XCConfigurationList;
			buildConfigurations = (
				AF7A1B2B2B6A759A000FD995 /* Debug */,
				AF7A1B2C2B6A759A000FD995 /* Release */,
			);
			defaultConfigurationIsVisible = 0;
			defaultConfigurationName = Release;
		};
		AF7A1B2D2B6A759A000FD995 /* Build configuration list for PBXNativeTarget "AdviceSlip" */ = {
			isa = XCConfigurationList;
			buildConfigurations = (
				AF7A1B2E2B6A759A000FD995 /* Debug */,
				AF7A1B2F2B6A759A000FD995 /* Release */,
			);
			defaultConfigurationIsVisible = 0;
			defaultConfigurationName = Release;
		};
		AF7A1B482B6A7749000FD995 /* Build configuration list for PBXNativeTarget "AdviceSlipWidgetExtension" */ = {
			isa = XCConfigurationList;
			buildConfigurations = (
				AF7A1B492B6A7749000FD995 /* Debug */,
				AF7A1B4A2B6A7749000FD995 /* Release */,
			);
			defaultConfigurationIsVisible = 0;
			defaultConfigurationName = Release;
		};
/* End XCConfigurationList section */
	};
	rootObject = AF7A1B162B6A7598000FD995 /* Project object */;
}
